
Microsoft Visual Studio Solution File, Format Version 12.00
# Visual Studio Version 17
VisualStudioVersion = 17.12.35506.116 d17.12
MinimumVisualStudioVersion = 10.0.40219.1
Project("{FAE04EC0-301F-11D3-BF4B-00C04F79EFBC}") = "ThomasHarper_Cs_Project", "ThomasHarper_Cs_Project\ThomasHarper_Cs_Project.csproj", "{FFDF7D52-FB90-40A5-90A1-85CD53A5803F}"
EndProject
Global
	GlobalSection(SolutionConfigurationPlatforms) = preSolution
		Debug|Any CPU = Debug|Any CPU
		Release|Any CPU = Release|Any CPU
	EndGlobalSection
	GlobalSection(ProjectConfigurationPlatforms) = postSolution
		{FFDF7D52-FB90-40A5-90A1-85CD53A5803F}.Debug|Any CPU.ActiveCfg = Debug|Any CPU
		{FFDF7D52-FB90-40A5-90A1-85CD53A5803F}.Debug|Any CPU.Build.0 = Debug|Any CPU
		{FFDF7D52-FB90-40A5-90A1-85CD53A5803F}.Release|Any CPU.ActiveCfg = Release|Any CPU
		{FFDF7D52-FB90-40A5-90A1-85CD53A5803F}.Release|Any CPU.Build.0 = Release|Any CPU
	EndGlobalSection
	GlobalSection(SolutionProperties) = preSolution
		HideSolutionNode = FALSE
	EndGlobalSection
EndGlobal
